PODS:
  - Alamofire (4.8.1)
  - RxAlamofire (3.0.2):
    - RxAlamofire/Core (= 3.0.2)
  - RxAlamofire/Core (3.0.2):
    - Alamofire (~> 4.0)
    - RxSwift (~> 3.0)
  - RxCocoa (3.6.1):
    - RxSwift (~> 3.6)
  - RxSwift (3.6.1)
  - SnapKit (3.0.2)
  - Swinject (2.0.0)
  - SwinjectStoryboard (1.0.0):
    - Swinject (= 2.0.0)

DEPENDENCIES:
  - RxAlamofire (= 3.0.2)
  - RxCocoa (= 3.6.1)
  - RxSwift (= 3.6.1)
  - SnapKit (~> 3.0.0)
  - Swinject (~> 2.0.0)
  - SwinjectStoryboard (= 1.0.0)

SPEC REPOS:
  https://github.com/cocoapods/specs.git:
    - Alamofire
    - RxAlamofire
    - RxCocoa
    - RxSwift
    - SnapKit
    - Swinject
    - SwinjectStoryboard

SPEC CHECKSUMS:
  Alamofire: 16ce2c353fb72865124ddae8a57c5942388f4f11
  RxAlamofire: bc53604b29fd2d220cfaa490c736cc4500819f34
  RxCocoa: 84a08739ab186248c7f31ce4ee92d6f8a947d690
  RxSwift: f9de85ea20cd2f7716ee5409fc13523dc638e4e4
  SnapKit: 2e456761aa92d4d4067a7a5594c18769d451a8ad
  Swinject: 2e964a80d70ab09b3949c99032711f89147bfd60
  SwinjectStoryboard: 8e0d3c0202b64172bdf915d55e8dc83d9c4e7863

PODFILE CHECKSUM: 09f300b49b43a16a308bfe5f39c0eb08b183cbea

COCOAPODS: 1.5.3
